{
  "requires": true,
  "lockfileVersion": 1,
  "dependencies": {
    "angular-web-notification": {
      "version": "1.2.30",
      "resolved": "https://registry.npmjs.org/angular-web-notification/-/angular-web-notification-1.2.30.tgz",
      "integrity": "sha512-7zR/wSTLX4SoLUaZMvRHEN3zP6VHH4RfkTo2YTOyGJhT2StdJZI9QHx36HOeugY9pAr6+wtSt8brWysDqNnzCw==",
      "requires": {
        "simple-web-notification": "^1.0.31"
      }
    },
    "simple-web-notification": {
      "version": "1.0.31",
      "resolved": "https://registry.npmjs.org/simple-web-notification/-/simple-web-notification-1.0.31.tgz",
      "integrity": "sha512-7RDIgTuzDDk+LvaS7Iec3wITZtJWyJEfItAA/cgUCX0phVr3lHjZN/X9v7XL/HmtLIf1F7jZHNL/Ux5bst2PIw=="
    }
  }
}
